
Microsoft Visual Studio Solution File, Format Version 12.00
# Visual Studio Version 16
VisualStudioVersion = 16.0.30907.101
MinimumVisualStudioVersion = 10.0.40219.1
Project("{FAE04EC0-301F-11D3-BF4B-00C04F79EFBC}") = "task2", "task2.csproj", "{E70259E2-FC22-490A-A4E3-F4D652AC865F}"
EndProject
Global
	GlobalSection(SolutionConfigurationPlatforms) = preSolution
		Debug|Any CPU = Debug|Any CPU
		Release|Any CPU = Release|Any CPU
	EndGlobalSection
	GlobalSection(ProjectConfigurationPlatforms) = postSolution
		{E70259E2-FC22-490A-A4E3-F4D652AC865F}.Debug|Any CPU.ActiveCfg = Debug|Any CPU
		{E70259E2-FC22-490A-A4E3-F4D652AC865F}.Debug|Any CPU.Build.0 = Debug|Any CPU
		{E70259E2-FC22-490A-A4E3-F4D652AC865F}.Release|Any CPU.ActiveCfg = Release|Any CPU
		{E70259E2-FC22-490A-A4E3-F4D652AC865F}.Release|Any CPU.Build.0 = Release|Any CPU
	EndGlobalSection
	GlobalSection(SolutionProperties) = preSolution
		HideSolutionNode = FALSE
	EndGlobalSection
	GlobalSection(ExtensibilityGlobals) = postSolution
		SolutionGuid = {B4B5C162-A09E-4052-B081-FD65A5FFFBAC}
	EndGlobalSection
EndGlobal
